// !$*UTF8*$!
{
	archiveVersion = 1;
	classes = {
	};
	objectVersion = 60;
	objects = {

/* Begin PBXBuildFile section */
		AA7C4E8B2C5F1D62003B4870 /* AppDelegate.swift in Sources */ = {isa = PBXBuildFile; fileRef = AA7C4E8A2C5F1D62003B4870 /* AppDelegate.swift */; };
		AA7C4E8D2C5F1D62003B4870 /* SceneDelegate.swift in Sources */ = {isa = PBXBuildFile; fileRef = AA7C4E8C2C5F1D62003B4870 /* SceneDelegate.swift */; };
		AA7C4E8F2C5F1D62003B4870 /* ViewController.swift in Sources */ = {isa = PBXBuildFile; fileRef = AA7C4E8E2C5F1D62003B4870 /* ViewController.swift */; };
		AA7C4E922C5F1D62003B4870 /* Base in Resources */ = {isa = PBXBuildFile; fileRef = AA7C4E912C5F1D62003B4870 /* Base */; };
		AA7C4E942C5F1D64003B4870 /* Assets.xcassets in Resources */ = {isa = PBXBuildFile; fileRef = AA7C4E932C5F1D64003B4870 /* Assets.xcassets */; };
		AA7C4E972C5F1D64003B4870 /* Base in Resources */ = {isa = PBXBuildFile; fileRef = AA7C4E962C5F1D64003B4870 /* Base */; };
		AA7C4EA22C5F1D64003B4870 /* Diagram_CompositonTests.swift in Sources */ = {isa = PBXBuildFile; fileRef = AA7C4EA12C5F1D64003B4870 /* Diagram_CompositonTests.swift */; };
		AA7C4EAC2C5F1D64003B4870 /* Diagram_CompositonUITests.swift in Sources */ = {isa = PBXBuildFile; fileRef = AA7C4EAB2C5F1D64003B4870 /* Diagram_CompositonUITests.swift */; };
		AA7C4EAE2C5F1D64003B4870 /* Diagram_CompositonUITestsLaunchTests.swift in Sources */ = {isa = PBXBuildFile; fileRef = AA7C4EAD2C5F1D64003B4870 /* Diagram_CompositonUITestsLaunchTests.swift */; };
/* End PBXBuildFile section */

/* Begin PBXContainerItemProxy section */
		AA7C4E9E2C5F1D64003B4870 /* PBXContainerItemProxy */ = {
			isa = PBXContainerItemProxy;
			containerPortal = AA7C4E7F2C5F1D62003B4870 /* Project object */;
			proxyType = 1;
			remoteGlobalIDString = AA7C4E862C5F1D62003B4870;
			remoteInfo = "Diagram-Compositon";
		};
		AA7C4EA82C5F1D64003B4870 /* PBXContainerItemProxy */ = {
			isa = PBXContainerItemProxy;
			containerPortal = AA7C4E7F2C5F1D62003B4870 /* Project object */;
			proxyType = 1;
			remoteGlobalIDString = AA7C4E862C5F1D62003B4870;
			remoteInfo = "Diagram-Compositon";
		};
/* End PBXContainerItemProxy section */

/* Begin PBXFileReference section */
		AA7C4E872C5F1D62003B4870 /* Diagram-Compositon.app */ = {isa = PBXFileReference; explicitFileType = wrapper.application; includeInIndex = 0; path = "Diagram-Compositon.app"; sourceTree = BUILT_PRODUCTS_DIR; };
		AA7C4E8A2C5F1D62003B4870 /* AppDelegate.swift */ = {isa = PBXFileReference; lastKnownFileType = sourcecode.swift; path = AppDelegate.swift; sourceTree = "<group>"; };
		AA7C4E8C2C5F1D62003B4870 /* SceneDelegate.swift */ = {isa = PBXFileReference; lastKnownFileType = sourcecode.swift; path = SceneDelegate.swift; sourceTree = "<group>"; };
		AA7C4E8E2C5F1D62003B4870 /* ViewController.swift */ = {isa = PBXFileReference; lastKnownFileType = sourcecode.swift; path = ViewController.swift; sourceTree = "<group>"; };
		AA7C4E912C5F1D62003B4870 /* Base */ = {isa = PBXFileReference; lastKnownFileType = file.storyboard; name = Base; path = Base.lproj/Main.storyboard; sourceTree = "<group>"; };
		AA7C4E932C5F1D64003B4870 /* Assets.xcassets */ = {isa = PBXFileReference; lastKnownFileType = folder.assetcatalog; path = Assets.xcassets; sourceTree = "<group>"; };
		AA7C4E962C5F1D64003B4870 /* Base */ = {isa = PBXFileReference; lastKnownFileType = file.storyboard; name = Base; path = Base.lproj/LaunchScreen.storyboard; sourceTree = "<group>"; };
		AA7C4E982C5F1D64003B4870 /* Info.plist */ = {isa = PBXFileReference; lastKnownFileType = text.plist.xml; path = Info.plist; sourceTree = "<group>"; };
		AA7C4E9D2C5F1D64003B4870 /* Diagram-CompositonTests.xctest */ = {isa = PBXFileReference; explicitFileType = wrapper.cfbundle; includeInIndex = 0; path = "Diagram-CompositonTests.xctest"; sourceTree = BUILT_PRODUCTS_DIR; };
		AA7C4EA12C5F1D64003B4870 /* Diagram_CompositonTests.swift */ = {isa = PBXFileReference; lastKnownFileType = sourcecode.swift; path = Diagram_CompositonTests.swift; sourceTree = "<group>"; };
		AA7C4EA72C5F1D64003B4870 /* Diagram-CompositonUITests.xctest */ = {isa = PBXFileReference; explicitFileType = wrapper.cfbundle; includeInIndex = 0; path = "Diagram-CompositonUITests.xctest"; sourceTree = BUILT_PRODUCTS_DIR; };
		AA7C4EAB2C5F1D64003B4870 /* Diagram_CompositonUITests.swift */ = {isa = PBXFileReference; lastKnownFileType = sourcecode.swift; path = Diagram_CompositonUITests.swift; sourceTree = "<group>"; };
		AA7C4EAD2C5F1D64003B4870 /* Diagram_CompositonUITestsLaunchTests.swift */ = {isa = PBXFileReference; lastKnownFileType = sourcecode.swift; path = Diagram_CompositonUITestsLaunchTests.swift; sourceTree = "<group>"; };
/* End PBXFileReference section */

/* Begin PBXFrameworksBuildPhase section */
		AA7C4E842C5F1D62003B4870 /* Frameworks */ = {
			isa = PBXFrameworksBuildPhase;
			buildActionMask = 2147483647;
			files = (
			);
			runOnlyForDeploymentPostprocessing = 0;
		};
		AA7C4E9A2C5F1D64003B4870 /* Frameworks */ = {
			isa = PBXFrameworksBuildPhase;
			buildActionMask = 2147483647;
			files = (
			);
			runOnlyForDeploymentPostprocessing = 0;
		};
		AA7C4EA42C5F1D64003B4870 /* Frameworks */ = {
			isa = PBXFrameworksBuildPhase;
			buildActionMask = 2147483647;
			files = (
			);
			runOnlyForDeploymentPostprocessing = 0;
		};
/* End PBXFrameworksBuildPhase section */

/* Begin PBXGroup section */
		AA7C4E7E2C5F1D62003B4870 = {
			isa = PBXGroup;
			children = (
				AA7C4E892C5F1D62003B4870 /* Diagram-Compositon */,
				AA7C4EA02C5F1D64003B4870 /* Diagram-CompositonTests */,
				AA7C4EAA2C5F1D64003B4870 /* Diagram-CompositonUITests */,
				AA7C4E882C5F1D62003B4870 /* Products */,
			);
			sourceTree = "<group>";
		};
		AA7C4E882C5F1D62003B4870 /* Products */ = {
			isa = PBXGroup;
			children = (
				AA7C4E872C5F1D62003B4870 /* Diagram-Compositon.app */,
				AA7C4E9D2C5F1D64003B4870 /* Diagram-CompositonTests.xctest */,
				AA7C4EA72C5F1D64003B4870 /* Diagram-CompositonUITests.xctest */,
			);
			name = Products;
			sourceTree = "<group>";
		};
		AA7C4E892C5F1D62003B4870 /* Diagram-Compositon */ = {
			isa = PBXGroup;
			children = (
				AA7C4E8A2C5F1D62003B4870 /* AppDelegate.swift */,
				AA7C4E8C2C5F1D62003B4870 /* SceneDelegate.swift */,
				AA7C4E8E2C5F1D62003B4870 /* ViewController.swift */,
				AA7C4E902C5F1D62003B4870 /* Main.storyboard */,
				AA7C4E932C5F1D64003B4870 /* Assets.xcassets */,
				AA7C4E952C5F1D64003B4870 /* LaunchScreen.storyboard */,
				AA7C4E982C5F1D64003B4870 /* Info.plist */,
			);
			path = "Diagram-Compositon";
			sourceTree = "<group>";
		};
		AA7C4EA02C5F1D64003B4870 /* Diagram-CompositonTests */ = {
			isa = PBXGroup;
			children = (
				AA7C4EA12C5F1D64003B4870 /* Diagram_CompositonTests.swift */,
			);
			path = "Diagram-CompositonTests";
			sourceTree = "<group>";
		};
		AA7C4EAA2C5F1D64003B4870 /* Diagram-CompositonUITests */ = {
			isa = PBXGroup;
			children = (
				AA7C4EAB2C5F1D64003B4870 /* Diagram_CompositonUITests.swift */,
				AA7C4EAD2C5F1D64003B4870 /* Diagram_CompositonUITestsLaunchTests.swift */,
			);
			path = "Diagram-CompositonUITests";
			sourceTree = "<group>";
		};
/* End PBXGroup section */

/* Begin PBXNativeTarget section */
		AA7C4E862C5F1D62003B4870 /* Diagram-Compositon */ = {
			isa = PBXNativeTarget;
			buildConfigurationList = AA7C4EB12C5F1D64003B4870 /* Build configuration list for PBXNativeTarget "Diagram-Compositon" */;
			buildPhases = (
				AA7C4E832C5F1D62003B4870 /* Sources */,
				AA7C4E842C5F1D62003B4870 /* Frameworks */,
				AA7C4E852C5F1D62003B4870 /* Resources */,
			);
			buildRules = (
			);
			dependencies = (
			);
			name = "Diagram-Compositon";
			productName = "Diagram-Compositon";
			productReference = AA7C4E872C5F1D62003B4870 /* Diagram-Compositon.app */;
			productType = "com.apple.product-type.application";
		};
		AA7C4E9C2C5F1D64003B4870 /* Diagram-CompositonTests */ = {
			isa = PBXNativeTarget;
			buildConfigurationList = AA7C4EB42C5F1D64003B4870 /* Build configuration list for PBXNativeTarget "Diagram-CompositonTests" */;
			buildPhases = (
				AA7C4E992C5F1D64003B4870 /* Sources */,
				AA7C4E9A2C5F1D64003B4870 /* Frameworks */,
				AA7C4E9B2C5F1D64003B4870 /* Resources */,
			);
			buildRules = (
			);
			dependencies = (
				AA7C4E9F2C5F1D64003B4870 /* PBXTargetDependency */,
			);
			name = "Diagram-CompositonTests";
			productName = "Diagram-CompositonTests";
			productReference = AA7C4E9D2C5F1D64003B4870 /* Diagram-CompositonTests.xctest */;
			productType = "com.apple.product-type.bundle.unit-test";
		};
		AA7C4EA62C5F1D64003B4870 /* Diagram-CompositonUITests */ = {
			isa = PBXNativeTarget;
			buildConfigurationList = AA7C4EB72C5F1D64003B4870 /* Build configuration list for PBXNativeTarget "Diagram-CompositonUITests" */;
			buildPhases = (
				AA7C4EA32C5F1D64003B4870 /* Sources */,
				AA7C4EA42C5F1D64003B4870 /* Frameworks */,
				AA7C4EA52C5F1D64003B4870 /* Resources */,
			);
			buildRules = (
			);
			dependencies = (
				AA7C4EA92C5F1D64003B4870 /* PBXTargetDependency */,
			);
			name = "Diagram-CompositonUITests";
			productName = "Diagram-CompositonUITests";
			productReference = AA7C4EA72C5F1D64003B4870 /* Diagram-CompositonUITests.xctest */;
			productType = "com.apple.product-type.bundle.ui-testing";
		};
/* End PBXNativeTarget section */

/* Begin PBXProject section */
		AA7C4E7F2C5F1D62003B4870 /* Project object */ = {
			isa = PBXProject;
			attributes = {
				BuildIndependentTargetsInParallel = 1;
				LastSwiftUpdateCheck = 1600;
				LastUpgradeCheck = 1600;
				TargetAttributes = {
					AA7C4E862C5F1D62003B4870 = {
						CreatedOnToolsVersion = 16.0;
					};
					AA7C4E9C2C5F1D64003B4870 = {
						CreatedOnToolsVersion = 16.0;
						TestTargetID = AA7C4E862C5F1D62003B4870;
					};
					AA7C4EA62C5F1D64003B4870 = {
						CreatedOnToolsVersion = 16.0;
						TestTargetID = AA7C4E862C5F1D62003B4870;
					};
				};
			};
			buildConfigurationList = AA7C4E822C5F1D62003B4870 /* Build configuration list for PBXProject "Diagram-Compositon" */;
			compatibilityVersion = "Xcode 15.0";
			developmentRegion = en;
			hasScannedForEncodings = 0;
			knownRegions = (
				en,
				Base,
			);
			mainGroup = AA7C4E7E2C5F1D62003B4870;
			productRefGroup = AA7C4E882C5F1D62003B4870 /* Products */;
			projectDirPath = "";
			projectRoot = "";
			targets = (
				AA7C4E862C5F1D62003B4870 /* Diagram-Compositon */,
				AA7C4E9C2C5F1D64003B4870 /* Diagram-CompositonTests */,
				AA7C4EA62C5F1D64003B4870 /* Diagram-CompositonUITests */,
			);
		};
/* End PBXProject section */

/* Begin PBXResourcesBuildPhase section */
		AA7C4E852C5F1D62003B4870 /* Resources */ = {
			isa = PBXResourcesBuildPhase;
			buildActionMask = 2147483647;
			files = (
				AA7C4E942C5F1D64003B4870 /* Assets.xcassets in Resources */,
				AA7C4E972C5F1D64003B4870 /* Base in Resources */,
				AA7C4E922C5F1D62003B4870 /* Base in Resources */,
			);
			runOnlyForDeploymentPostprocessing = 0;
		};
		AA7C4E9B2C5F1D64003B4870 /* Resources */ = {
			isa = PBXResourcesBuildPhase;
			buildActionMask = 2147483647;
			files = (
			);
			runOnlyForDeploymentPostprocessing = 0;
		};
		AA7C4EA52C5F1D64003B4870 /* Resources */ = {
			isa = PBXResourcesBuildPhase;
			buildActionMask = 2147483647;
			files = (
			);
			runOnlyForDeploymentPostprocessing = 0;
		};
/* End PBXResourcesBuildPhase section */

/* Begin PBXSourcesBuildPhase section */
		AA7C4E832C5F1D62003B4870 /* Sources */ = {
			isa = PBXSourcesBuildPhase;
			buildActionMask = 2147483647;
			files = (
				AA7C4E8F2C5F1D62003B4870 /* ViewController.swift in Sources */,
				AA7C4E8B2C5F1D62003B4870 /* AppDelegate.swift in Sources */,
				AA7C4E8D2C5F1D62003B4870 /* SceneDelegate.swift in Sources */,
			);
			runOnlyForDeploymentPostprocessing = 0;
		};
		AA7C4E992C5F1D64003B4870 /* Sources */ = {
			isa = PBXSourcesBuildPhase;
			buildActionMask = 2147483647;
			files = (
				AA7C4EA22C5F1D64003B4870 /* Diagram_CompositonTests.swift in Sources */,
			);
			runOnlyForDeploymentPostprocessing = 0;
		};
		AA7C4EA32C5F1D64003B4870 /* Sources */ = {
			isa = PBXSourcesBuildPhase;
			buildActionMask = 2147483647;
			files = (
				AA7C4EAC2C5F1D64003B4870 /* Diagram_CompositonUITests.swift in Sources */,
				AA7C4EAE2C5F1D64003B4870 /* Diagram_CompositonUITestsLaunchTests.swift in Sources */,
			);
			runOnlyForDeploymentPostprocessing = 0;
		};
/* End PBXSourcesBuildPhase section */

/* Begin PBXTargetDependency section */
		AA7C4E9F2C5F1D64003B4870 /* PBXTargetDependency */ = {
			isa = PBXTargetDependency;
			target = AA7C4E862C5F1D62003B4870 /* Diagram-Compositon */;
			targetProxy = AA7C4E9E2C5F1D64003B4870 /* PBXContainerItemProxy */;
		};
		AA7C4EA92C5F1D64003B4870 /* PBXTargetDependency */ = {
			isa = PBXTargetDependency;
			target = AA7C4E862C5F1D62003B4870 /* Diagram-Compositon */;
			targetProxy = AA7C4EA82C5F1D64003B4870 /* PBXContainerItemProxy */;
		};
/* End PBXTargetDependency section */

/* Begin PBXVariantGroup section */
		AA7C4E902C5F1D62003B4870 /* Main.storyboard */ = {
			isa = PBXVariantGroup;
			children = (
				AA7C4E912C5F1D62003B4870 /* Base */,
			);
			name = Main.storyboard;
			sourceTree = "<group>";
		};
		AA7C4E952C5F1D64003B4870 /* LaunchScreen.storyboard */ = {
			isa = PBXVariantGroup;
			children = (
				AA7C4E962C5F1D64003B4870 /* Base */,
			);
			name = LaunchScreen.storyboard;
			sourceTree = "<group>";
		};
/* End PBXVariantGroup section */

/* Begin XCBuildConfiguration section */
		AA7C4EAF2C5F1D64003B4870 /* Debug */ = {
			isa = XCBuildConfiguration;
			buildSettings = {
				ALWAYS_SEARCH_USER_PATHS = NO;
				ASSETCATALOG_COMPILER_GENERATE_SWIFT_ASSET_SYMBOL_EXTENSIONS = YES;
				CLANG_ANALYZER_NONNULL = YES;
				CLANG_ANALYZER_NUMBER_OBJECT_CONVERSION = YES_AGGRESSIVE;
				CLANG_CXX_LANGUAGE_STANDARD = "gnu++20";
				CLANG_ENABLE_MODULES = YES;
				CLANG_ENABLE_OBJC_ARC = YES;
				CLANG_ENABLE_OBJC_WEAK = YES;
				CLANG_WARN_BLOCK_CAPTURE_AUTORELEASING = YES;
				CLANG_WARN_BOOL_CONVERSION = YES;
				CLANG_WARN_COMMA = YES;
				CLANG_WARN_CONSTANT_CONVERSION = YES;
				CLANG_WARN_DEPRECATED_OBJC_IMPLEMENTATIONS = YES;
				CLANG_WARN_DIRECT_OBJC_ISA_USAGE = YES_ERROR;
				CLANG_WARN_DOCUMENTATION_COMMENTS = YES;
				CLANG_WARN_EMPTY_BODY = YES;
				CLANG_WARN_ENUM_CONVERSION = YES;
				CLANG_WARN_INFINITE_RECURSION = YES;
				CLANG_WARN_INT_CONVERSION = YES;
				CLANG_WARN_NON_LITERAL_NULL_CONVERSION = YES;
				CLANG_WARN_OBJC_IMPLICIT_RETAIN_SELF = YES;
				CLANG_WARN_OBJC_LITERAL_CONVERSION = YES;
				CLANG_WARN_OBJC_ROOT_CLASS = YES_ERROR;
				CLANG_WARN_QUOTED_INCLUDE_IN_FRAMEWORK_HEADER = YES;
				CLANG_WARN_RANGE_LOOP_ANALYSIS = YES;
				CLANG_WARN_STRICT_PROTOTYPES = YES;
				CLANG_WARN_SUSPICIOUS_MOVE = YES;
				CLANG_WARN_UNGUARDED_AVAILABILITY = YES_AGGRESSIVE;
				CLANG_WARN_UNREACHABLE_CODE = YES;
				CLANG_WARN__DUPLICATE_METHOD_MATCH = YES;
				COPY_PHASE_STRIP = NO;
				DEBUG_INFORMATION_FORMAT = dwarf;
				ENABLE_STRICT_OBJC_MSGSEND = YES;
				ENABLE_TESTABILITY = YES;
				ENABLE_USER_SCRIPT_SANDBOXING = YES;
				GCC_C_LANGUAGE_STANDARD = gnu17;
				GCC_DYNAMIC_NO_PIC = NO;
				GCC_NO_COMMON_BLOCKS = YES;
				GCC_OPTIMIZATION_LEVEL = 0;
				GCC_PREPROCESSOR_DEFINITIONS = (
					"DEBUG=1",
					"$(inherited)",
				);
				GCC_WARN_64_TO_32_BIT_CONVERSION = YES;
				GCC_WARN_ABOUT_RETURN_TYPE = YES_ERROR;
				GCC_WARN_UNDECLARED_SELECTOR = YES;
				GCC_WARN_UNINITIALIZED_AUTOS = YES_AGGRESSIVE;
				GCC_WARN_UNUSED_FUNCTION = YES;
				GCC_WARN_UNUSED_VARIABLE = YES;
				IPHONEOS_DEPLOYMENT_TARGET = 18.0;
				LOCALIZATION_PREFERS_STRING_CATALOGS = YES;
				MTL_ENABLE_DEBUG_INFO = INCLUDE_SOURCE;
				MTL_FAST_MATH = YES;
				ONLY_ACTIVE_ARCH = YES;
				SDKROOT = iphoneos;
				SWIFT_ACTIVE_COMPILATION_CONDITIONS = "DEBUG $(inherited)";
				SWIFT_OPTIMIZATION_LEVEL = "-Onone";
			};
			name = Debug;
		};
		AA7C4EB02C5F1D64003B4870 /* Release */ = {
			isa = XCBuildConfiguration;
			buildSettings = {
				ALWAYS_SEARCH_USER_PATHS = NO;
				ASSETCATALOG_COMPILER_GENERATE_SWIFT_ASSET_SYMBOL_EXTENSIONS = YES;
				CLANG_ANALYZER_NONNULL = YES;
				CLANG_ANALYZER_NUMBER_OBJECT_CONVERSION = YES_AGGRESSIVE;
				CLANG_CXX_LANGUAGE_STANDARD = "gnu++20";
				CLANG_ENABLE_MODULES = YES;
				CLANG_ENABLE_OBJC_ARC = YES;
				CLANG_ENABLE_OBJC_WEAK = YES;
				CLANG_WARN_BLOCK_CAPTURE_AUTORELEASING = YES;
				CLANG_WARN_BOOL_CONVERSION = YES;
				CLANG_WARN_COMMA = YES;
				CLANG_WARN_CONSTANT_CONVERSION = YES;
				CLANG_WARN_DEPRECATED_OBJC_IMPLEMENTATIONS = YES;
				CLANG_WARN_DIRECT_OBJC_ISA_USAGE = YES_ERROR;
				CLANG_WARN_DOCUMENTATION_COMMENTS = YES;
				CLANG_WARN_EMPTY_BODY = YES;
				CLANG_WARN_ENUM_CONVERSION = YES;
				CLANG_WARN_INFINITE_RECURSION = YES;
				CLANG_WARN_INT_CONVERSION = YES;
				CLANG_WARN_NON_LITERAL_NULL_CONVERSION = YES;
				CLANG_WARN_OBJC_IMPLICIT_RETAIN_SELF = YES;
				CLANG_WARN_OBJC_LITERAL_CONVERSION = YES;
				CLANG_WARN_OBJC_ROOT_CLASS = YES_ERROR;
				CLANG_WARN_QUOTED_INCLUDE_IN_FRAMEWORK_HEADER = YES;
				CLANG_WARN_RANGE_LOOP_ANALYSIS = YES;
				CLANG_WARN_STRICT_PROTOTYPES = YES;
				CLANG_WARN_SUSPICIOUS_MOVE = YES;
				CLANG_WARN_UNGUARDED_AVAILABILITY = YES_AGGRESSIVE;
				CLANG_WARN_UNREACHABLE_CODE = YES;
				CLANG_WARN__DUPLICATE_METHOD_MATCH = YES;
				COPY_PHASE_STRIP = NO;
				DEBUG_INFORMATION_FORMAT = "dwarf-with-dsym";
				ENABLE_NS_ASSERTIONS = NO;
				ENABLE_STRICT_OBJC_MSGSEND = YES;
				ENABLE_USER_SCRIPT_SANDBOXING = YES;
				GCC_C_LANGUAGE_STANDARD = gnu17;
				GCC_NO_COMMON_BLOCKS = YES;
				GCC_WARN_64_TO_32_BIT_CONVERSION = YES;
				GCC_WARN_ABOUT_RETURN_TYPE = YES_ERROR;
				GCC_WARN_UNDECLARED_SELECTOR = YES;
				GCC_WARN_UNINITIALIZED_AUTOS = YES_AGGRESSIVE;
				GCC_WARN_UNUSED_FUNCTION = YES;
				GCC_WARN_UNUSED_VARIABLE = YES;
				IPHONEOS_DEPLOYMENT_TARGET = 18.0;
				LOCALIZATION_PREFERS_STRING_CATALOGS = YES;
				MTL_ENABLE_DEBUG_INFO = NO;
				MTL_FAST_MATH = YES;
				SDKROOT = iphoneos;
				SWIFT_COMPILATION_MODE = wholemodule;
				VALIDATE_PRODUCT = YES;
			};
			name = Release;
		};
		AA7C4EB22C5F1D64003B4870 /* Debug */ = {
			isa = XCBuildConfiguration;
			buildSettings = {
				ASSETCATALOG_COMPILER_APPICON_NAME = AppIcon;
				ASSETCATALOG_COMPILER_GLOBAL_ACCENT_COLOR_NAME = AccentColor;
				CODE_SIGN_STYLE = Automatic;
				CURRENT_PROJECT_VERSION = 1;
				DEVELOPMENT_TEAM = L923PSABUA;
				GENERATE_INFOPLIST_FILE = YES;
				INFOPLIST_FILE = "Diagram-Compositon/Info.plist";
				INFOPLIST_KEY_UIApplicationSupportsIndirectInputEvents = YES;
				INFOPLIST_KEY_UILaunchStoryboardName = LaunchScreen;
				INFOPLIST_KEY_UIMainStoryboardFile = Main;
				INFOPLIST_KEY_UISupportedInterfaceOrientations_iPad = "UIInterfaceOrientationPortrait UIInterfaceOrientationPortraitUpsideDown UIInterfaceOrientationLandscapeLeft UIInterfaceOrientationLandscapeRight";
				INFOPLIST_KEY_UISupportedInterfaceOrientations_iPhone = "UIInterfaceOrientationPortrait UIInterfaceOrientationLandscapeLeft UIInterfaceOrientationLandscapeRight";
				LD_RUNPATH_SEARCH_PATHS = (
					"$(inherited)",
					"@executable_path/Frameworks",
				);
				MARKETING_VERSION = 1.0;
				PRODUCT_BUNDLE_IDENTIFIER = "com.thiagomonteiro.Diagram-Compositon";
				PRODUCT_NAME = "$(TARGET_NAME)";
				SWIFT_EMIT_LOC_STRINGS = YES;
				SWIFT_VERSION = 5.0;
				TARGETED_DEVICE_FAMILY = "1,2";
			};
			name = Debug;
		};
		AA7C4EB32C5F1D64003B4870 /* Release */ = {
			isa = XCBuildConfiguration;
			buildSettings = {
				ASSETCATALOG_COMPILER_APPICON_NAME = AppIcon;
				ASSETCATALOG_COMPILER_GLOBAL_ACCENT_COLOR_NAME = AccentColor;
				CODE_SIGN_STYLE = Automatic;
				CURRENT_PROJECT_VERSION = 1;
				DEVELOPMENT_TEAM = L923PSABUA;
				GENERATE_INFOPLIST_FILE = YES;
				INFOPLIST_FILE = "Diagram-Compositon/Info.plist";
				INFOPLIST_KEY_UIApplicationSupportsIndirectInputEvents = YES;
				INFOPLIST_KEY_UILaunchStoryboardName = LaunchScreen;
				INFOPLIST_KEY_UIMainStoryboardFile = Main;
				INFOPLIST_KEY_UISupportedInterfaceOrientations_iPad = "UIInterfaceOrientationPortrait UIInterfaceOrientationPortraitUpsideDown UIInterfaceOrientationLandscapeLeft UIInterfaceOrientationLandscapeRight";
				INFOPLIST_KEY_UISupportedInterfaceOrientations_iPhone = "UIInterfaceOrientationPortrait UIInterfaceOrientationLandscapeLeft UIInterfaceOrientationLandscapeRight";
				LD_RUNPATH_SEARCH_PATHS = (
					"$(inherited)",
					"@executable_path/Frameworks",
				);
				MARKETING_VERSION = 1.0;
				PRODUCT_BUNDLE_IDENTIFIER = "com.thiagomonteiro.Diagram-Compositon";
				PRODUCT_NAME = "$(TARGET_NAME)";
				SWIFT_EMIT_LOC_STRINGS = YES;
				SWIFT_VERSION = 5.0;
				TARGETED_DEVICE_FAMILY = "1,2";
			};
			name = Release;
		};
		AA7C4EB52C5F1D64003B4870 /* Debug */ = {
			isa = XCBuildConfiguration;
			buildSettings = {
				BUNDLE_LOADER = "$(TEST_HOST)";
				CODE_SIGN_STYLE = Automatic;
				CURRENT_PROJECT_VERSION = 1;
				DEVELOPMENT_TEAM = L923PSABUA;
				GENERATE_INFOPLIST_FILE = YES;
				IPHONEOS_DEPLOYMENT_TARGET = 18.0;
				MARKETING_VERSION = 1.0;
				PRODUCT_BUNDLE_IDENTIFIER = "com.thiagomonteiro.Diagram-CompositonTests";
				PRODUCT_NAME = "$(TARGET_NAME)";
				SWIFT_EMIT_LOC_STRINGS = NO;
				SWIFT_VERSION = 5.0;
				TARGETED_DEVICE_FAMILY = "1,2";
				TEST_HOST = "$(BUILT_PRODUCTS_DIR)/Diagram-Compositon.app/$(BUNDLE_EXECUTABLE_FOLDER_PATH)/Diagram-Compositon";
			};
			name = Debug;
		};
		AA7C4EB62C5F1D64003B4870 /* Release */ = {
			isa = XCBuildConfiguration;
			buildSettings = {
				BUNDLE_LOADER = "$(TEST_HOST)";
				CODE_SIGN_STYLE = Automatic;
				CURRENT_PROJECT_VERSION = 1;
				DEVELOPMENT_TEAM = L923PSABUA;
				GENERATE_INFOPLIST_FILE = YES;
				IPHONEOS_DEPLOYMENT_TARGET = 18.0;
				MARKETING_VERSION = 1.0;
				PRODUCT_BUNDLE_IDENTIFIER = "com.thiagomonteiro.Diagram-CompositonTests";
				PRODUCT_NAME = "$(TARGET_NAME)";
				SWIFT_EMIT_LOC_STRINGS = NO;
				SWIFT_VERSION = 5.0;
				TARGETED_DEVICE_FAMILY = "1,2";
				TEST_HOST = "$(BUILT_PRODUCTS_DIR)/Diagram-Compositon.app/$(BUNDLE_EXECUTABLE_FOLDER_PATH)/Diagram-Compositon";
			};
			name = Release;
		};
		AA7C4EB82C5F1D64003B4870 /* Debug */ = {
			isa = XCBuildConfiguration;
			buildSettings = {
				CODE_SIGN_STYLE = Automatic;
				CURRENT_PROJECT_VERSION = 1;
				DEVELOPMENT_TEAM = L923PSABUA;
				GENERATE_INFOPLIST_FILE = YES;
				MARKETING_VERSION = 1.0;
				PRODUCT_BUNDLE_IDENTIFIER = "com.thiagomonteiro.Diagram-CompositonUITests";
				PRODUCT_NAME = "$(TARGET_NAME)";
				SWIFT_EMIT_LOC_STRINGS = NO;
				SWIFT_VERSION = 5.0;
				TARGETED_DEVICE_FAMILY = "1,2";
				TEST_TARGET_NAME = "Diagram-Compositon";
			};
			name = Debug;
		};
		AA7C4EB92C5F1D64003B4870 /* Release */ = {
			isa = XCBuildConfiguration;
			buildSettings = {
				CODE_SIGN_STYLE = Automatic;
				CURRENT_PROJECT_VERSION = 1;
				DEVELOPMENT_TEAM = L923PSABUA;
				GENERATE_INFOPLIST_FILE = YES;
				MARKETING_VERSION = 1.0;
				PRODUCT_BUNDLE_IDENTIFIER = "com.thiagomonteiro.Diagram-CompositonUITests";
				PRODUCT_NAME = "$(TARGET_NAME)";
				SWIFT_EMIT_LOC_STRINGS = NO;
				SWIFT_VERSION = 5.0;
				TARGETED_DEVICE_FAMILY = "1,2";
				TEST_TARGET_NAME = "Diagram-Compositon";
			};
			name = Release;
		};
/* End XCBuildConfiguration section */

/* Begin XCConfigurationList section */
		AA7C4E822C5F1D62003B4870 /* Build configuration list for PBXProject "Diagram-Compositon" */ = {
			isa = XCConfigurationList;
			buildConfigurations = (
				AA7C4EAF2C5F1D64003B4870 /* Debug */,
				AA7C4EB02C5F1D64003B4870 /* Release */,
			);
			defaultConfigurationIsVisible = 0;
			defaultConfigurationName = Release;
		};
		AA7C4EB12C5F1D64003B4870 /* Build configuration list for PBXNativeTarget "Diagram-Compositon" */ = {
			isa = XCConfigurationList;
			buildConfigurations = (
				AA7C4EB22C5F1D64003B4870 /* Debug */,
				AA7C4EB32C5F1D64003B4870 /* Release */,
			);
			defaultConfigurationIsVisible = 0;
			defaultConfigurationName = Release;
		};
		AA7C4EB42C5F1D64003B4870 /* Build configuration list for PBXNativeTarget "Diagram-CompositonTests" */ = {
			isa = XCConfigurationList;
			buildConfigurations = (
				AA7C4EB52C5F1D64003B4870 /* Debug */,
				AA7C4EB62C5F1D64003B4870 /* Release */,
			);
			defaultConfigurationIsVisible = 0;
			defaultConfigurationName = Release;
		};
		AA7C4EB72C5F1D64003B4870 /* Build configuration list for PBXNativeTarget "Diagram-CompositonUITests" */ = {
			isa = XCConfigurationList;
			buildConfigurations = (
				AA7C4EB82C5F1D64003B4870 /* Debug */,
				AA7C4EB92C5F1D64003B4870 /* Release */,
			);
			defaultConfigurationIsVisible = 0;
			defaultConfigurationName = Release;
		};
/* End XCConfigurationList section */
	};
	rootObject = AA7C4E7F2C5F1D62003B4870 /* Project object */;
}
